
Microsoft Visual Studio Solution File, Format Version 12.00
# Visual Studio 15
VisualStudioVersion = 15.0.33403.129
MinimumVisualStudioVersion = 10.0.40219.1
Project("{8BC9CEB8-8B4A-11D0-8D11-00A0C91BC942}") = "누산기", "누산기\누산기.vcxproj", "{370AC884-E96A-4B74-91CE-28261CE99950}"
EndProject
Project("{8BC9CEB8-8B4A-11D0-8D11-00A0C91BC942}") = "Accumulator-KwonDH", "Accumulator-KwonDH\Accumulator-KwonDH.vcxproj", "{4D519DEA-CFE3-4DB9-8261-E533B0FA2E7F}"
EndProject
Project("{8BC9CEB8-8B4A-11D0-8D11-00A0C91BC942}") = "변수활용", "CircleArea\CircleArea.vcxproj", "{3B77260E-38DA-4668-B601-23BACE783B84}"
EndProject
Project("{8BC9CEB8-8B4A-11D0-8D11-00A0C91BC942}") = "Copycat", "Copycat\Copycat.vcxproj", "{1E5059E4-9D02-4AA1-9C0D-6EAAAE5577CF}"
EndProject
Project("{8BC9CEB8-8B4A-11D0-8D11-00A0C91BC942}") = "Counter", "Counter\Counter.vcxproj", "{FC4D0B8F-DB06-4B4A-A297-A3D88D4A8487}"
EndProject
Project("{8BC9CEB8-8B4A-11D0-8D11-00A0C91BC942}") = "Counter2", "Counter2\Counter2.vcxproj", "{456B9B40-79C7-4E9C-AB55-D65FD4E143D2}"
EndProject
Project("{8BC9CEB8-8B4A-11D0-8D11-00A0C91BC942}") = "HW", "firststep\playdev.vcxproj", "{98F2B0AE-290A-4058-B730-F371D31916CB}"
EndProject
Project("{8BC9CEB8-8B4A-11D0-8D11-00A0C91BC942}") = "for", "for\for.vcxproj", "{26BA6D61-0A43-42C5-892E-92DB6E057FCA}"
EndProject
Project("{8BC9CEB8-8B4A-11D0-8D11-00A0C91BC942}") = "If", "if\몰랑.vcxproj", "{8DFFA28D-E00B-469A-BE99-B11DC3101F92}"
EndProject
Project("{8BC9CEB8-8B4A-11D0-8D11-00A0C91BC942}") = "명칭공간", "NSpTest\2.vcxproj", "{5A445223-923B-4AB3-80A2-165D41D320B8}"
EndProject
Project("{8BC9CEB8-8B4A-11D0-8D11-00A0C91BC942}") = "Switch", "Switch\Switch.vcxproj", "{EC5F7DD7-B7BF-40C8-9F55-0920533709EE}"
EndProject
Project("{8BC9CEB8-8B4A-11D0-8D11-00A0C91BC942}") = "While", "While\While.vcxproj", "{F2F4980A-D4B8-4F7F-B22E-F21326DACFB9}"
EndProject
Project("{8BC9CEB8-8B4A-11D0-8D11-00A0C91BC942}") = "구조체", "구조체\구조체.vcxproj", "{7E4044B2-F67D-46B6-B24F-9157A4091826}"
EndProject
Project("{8BC9CEB8-8B4A-11D0-8D11-00A0C91BC942}") = "범위 기반 for 루프", "범위 기반 for 루프\범위 기반 for 루프.vcxproj", "{69E8B38E-BA84-4DA1-83B3-FBEEED55124B}"
EndProject
Global
	GlobalSection(SolutionConfigurationPlatforms) = preSolution
		Debug|x64 = Debug|x64
		Debug|x86 = Debug|x86
		Release|x64 = Release|x64
		Release|x86 = Release|x86
	EndGlobalSection
	GlobalSection(ProjectConfigurationPlatforms) = postSolution
		{370AC884-E96A-4B74-91CE-28261CE99950}.Debug|x64.ActiveCfg = Debug|x64
		{370AC884-E96A-4B74-91CE-28261CE99950}.Debug|x64.Build.0 = Debug|x64
		{370AC884-E96A-4B74-91CE-28261CE99950}.Debug|x86.ActiveCfg = Debug|Win32
		{370AC884-E96A-4B74-91CE-28261CE99950}.Debug|x86.Build.0 = Debug|Win32
		{370AC884-E96A-4B74-91CE-28261CE99950}.Release|x64.ActiveCfg = Release|x64
		{370AC884-E96A-4B74-91CE-28261CE99950}.Release|x64.Build.0 = Release|x64
		{370AC884-E96A-4B74-91CE-28261CE99950}.Release|x86.ActiveCfg = Release|Win32
		{370AC884-E96A-4B74-91CE-28261CE99950}.Release|x86.Build.0 = Release|Win32
		{4D519DEA-CFE3-4DB9-8261-E533B0FA2E7F}.Debug|x64.ActiveCfg = Debug|x64
		{4D519DEA-CFE3-4DB9-8261-E533B0FA2E7F}.Debug|x64.Build.0 = Debug|x64
		{4D519DEA-CFE3-4DB9-8261-E533B0FA2E7F}.Debug|x86.ActiveCfg = Debug|Win32
		{4D519DEA-CFE3-4DB9-8261-E533B0FA2E7F}.Debug|x86.Build.0 = Debug|Win32
		{4D519DEA-CFE3-4DB9-8261-E533B0FA2E7F}.Release|x64.ActiveCfg = Release|x64
		{4D519DEA-CFE3-4DB9-8261-E533B0FA2E7F}.Release|x64.Build.0 = Release|x64
		{4D519DEA-CFE3-4DB9-8261-E533B0FA2E7F}.Release|x86.ActiveCfg = Release|Win32
		{4D519DEA-CFE3-4DB9-8261-E533B0FA2E7F}.Release|x86.Build.0 = Release|Win32
		{3B77260E-38DA-4668-B601-23BACE783B84}.Debug|x64.ActiveCfg = Debug|Win32
		{3B77260E-38DA-4668-B601-23BACE783B84}.Debug|x86.ActiveCfg = Debug|Win32
		{3B77260E-38DA-4668-B601-23BACE783B84}.Debug|x86.Build.0 = Debug|Win32
		{3B77260E-38DA-4668-B601-23BACE783B84}.Release|x64.ActiveCfg = Release|Win32
		{3B77260E-38DA-4668-B601-23BACE783B84}.Release|x86.ActiveCfg = Release|Win32
		{3B77260E-38DA-4668-B601-23BACE783B84}.Release|x86.Build.0 = Release|Win32
		{1E5059E4-9D02-4AA1-9C0D-6EAAAE5577CF}.Debug|x64.ActiveCfg = Debug|Win32
		{1E5059E4-9D02-4AA1-9C0D-6EAAAE5577CF}.Debug|x86.ActiveCfg = Debug|Win32
		{1E5059E4-9D02-4AA1-9C0D-6EAAAE5577CF}.Debug|x86.Build.0 = Debug|Win32
		{1E5059E4-9D02-4AA1-9C0D-6EAAAE5577CF}.Release|x64.ActiveCfg = Release|Win32
		{1E5059E4-9D02-4AA1-9C0D-6EAAAE5577CF}.Release|x86.ActiveCfg = Release|Win32
		{1E5059E4-9D02-4AA1-9C0D-6EAAAE5577CF}.Release|x86.Build.0 = Release|Win32
		{FC4D0B8F-DB06-4B4A-A297-A3D88D4A8487}.Debug|x64.ActiveCfg = Debug|Win32
		{FC4D0B8F-DB06-4B4A-A297-A3D88D4A8487}.Debug|x86.ActiveCfg = Debug|Win32
		{FC4D0B8F-DB06-4B4A-A297-A3D88D4A8487}.Debug|x86.Build.0 = Debug|Win32
		{FC4D0B8F-DB06-4B4A-A297-A3D88D4A8487}.Release|x64.ActiveCfg = Release|Win32
		{FC4D0B8F-DB06-4B4A-A297-A3D88D4A8487}.Release|x86.ActiveCfg = Release|Win32
		{FC4D0B8F-DB06-4B4A-A297-A3D88D4A8487}.Release|x86.Build.0 = Release|Win32
		{456B9B40-79C7-4E9C-AB55-D65FD4E143D2}.Debug|x64.ActiveCfg = Debug|Win32
		{456B9B40-79C7-4E9C-AB55-D65FD4E143D2}.Debug|x86.ActiveCfg = Debug|Win32
		{456B9B40-79C7-4E9C-AB55-D65FD4E143D2}.Debug|x86.Build.0 = Debug|Win32
		{456B9B40-79C7-4E9C-AB55-D65FD4E143D2}.Release|x64.ActiveCfg = Release|Win32
		{456B9B40-79C7-4E9C-AB55-D65FD4E143D2}.Release|x86.ActiveCfg = Release|Win32
		{456B9B40-79C7-4E9C-AB55-D65FD4E143D2}.Release|x86.Build.0 = Release|Win32
		{98F2B0AE-290A-4058-B730-F371D31916CB}.Debug|x64.ActiveCfg = Debug|Win32
		{98F2B0AE-290A-4058-B730-F371D31916CB}.Debug|x86.ActiveCfg = Debug|Win32
		{98F2B0AE-290A-4058-B730-F371D31916CB}.Debug|x86.Build.0 = Debug|Win32
		{98F2B0AE-290A-4058-B730-F371D31916CB}.Release|x64.ActiveCfg = Release|Win32
		{98F2B0AE-290A-4058-B730-F371D31916CB}.Release|x86.ActiveCfg = Release|Win32
		{98F2B0AE-290A-4058-B730-F371D31916CB}.Release|x86.Build.0 = Release|Win32
		{26BA6D61-0A43-42C5-892E-92DB6E057FCA}.Debug|x64.ActiveCfg = Debug|x64
		{26BA6D61-0A43-42C5-892E-92DB6E057FCA}.Debug|x64.Build.0 = Debug|x64
		{26BA6D61-0A43-42C5-892E-92DB6E057FCA}.Debug|x86.ActiveCfg = Debug|Win32
		{26BA6D61-0A43-42C5-892E-92DB6E057FCA}.Debug|x86.Build.0 = Debug|Win32
		{26BA6D61-0A43-42C5-892E-92DB6E057FCA}.Release|x64.ActiveCfg = Release|x64
		{26BA6D61-0A43-42C5-892E-92DB6E057FCA}.Release|x64.Build.0 = Release|x64
		{26BA6D61-0A43-42C5-892E-92DB6E057FCA}.Release|x86.ActiveCfg = Release|Win32
		{26BA6D61-0A43-42C5-892E-92DB6E057FCA}.Release|x86.Build.0 = Release|Win32
		{8DFFA28D-E00B-469A-BE99-B11DC3101F92}.Debug|x64.ActiveCfg = Debug|x64
		{8DFFA28D-E00B-469A-BE99-B11DC3101F92}.Debug|x64.Build.0 = Debug|x64
		{8DFFA28D-E00B-469A-BE99-B11DC3101F92}.Debug|x86.ActiveCfg = Debug|Win32
		{8DFFA28D-E00B-469A-BE99-B11DC3101F92}.Debug|x86.Build.0 = Debug|Win32
		{8DFFA28D-E00B-469A-BE99-B11DC3101F92}.Release|x64.ActiveCfg = Release|x64
		{8DFFA28D-E00B-469A-BE99-B11DC3101F92}.Release|x64.Build.0 = Release|x64
		{8DFFA28D-E00B-469A-BE99-B11DC3101F92}.Release|x86.ActiveCfg = Release|Win32
		{8DFFA28D-E00B-469A-BE99-B11DC3101F92}.Release|x86.Build.0 = Release|Win32
		{5A445223-923B-4AB3-80A2-165D41D320B8}.Debug|x64.ActiveCfg = Debug|Win32
		{5A445223-923B-4AB3-80A2-165D41D320B8}.Debug|x86.ActiveCfg = Debug|Win32
		{5A445223-923B-4AB3-80A2-165D41D320B8}.Debug|x86.Build.0 = Debug|Win32
		{5A445223-923B-4AB3-80A2-165D41D320B8}.Release|x64.ActiveCfg = Release|Win32
		{5A445223-923B-4AB3-80A2-165D41D320B8}.Release|x86.ActiveCfg = Release|Win32
		{5A445223-923B-4AB3-80A2-165D41D320B8}.Release|x86.Build.0 = Release|Win32
		{EC5F7DD7-B7BF-40C8-9F55-0920533709EE}.Debug|x64.ActiveCfg = Debug|x64
		{EC5F7DD7-B7BF-40C8-9F55-0920533709EE}.Debug|x64.Build.0 = Debug|x64
		{EC5F7DD7-B7BF-40C8-9F55-0920533709EE}.Debug|x86.ActiveCfg = Debug|Win32
		{EC5F7DD7-B7BF-40C8-9F55-0920533709EE}.Debug|x86.Build.0 = Debug|Win32
		{EC5F7DD7-B7BF-40C8-9F55-0920533709EE}.Release|x64.ActiveCfg = Release|x64
		{EC5F7DD7-B7BF-40C8-9F55-0920533709EE}.Release|x64.Build.0 = Release|x64
		{EC5F7DD7-B7BF-40C8-9F55-0920533709EE}.Release|x86.ActiveCfg = Release|Win32
		{EC5F7DD7-B7BF-40C8-9F55-0920533709EE}.Release|x86.Build.0 = Release|Win32
		{F2F4980A-D4B8-4F7F-B22E-F21326DACFB9}.Debug|x64.ActiveCfg = Debug|x64
		{F2F4980A-D4B8-4F7F-B22E-F21326DACFB9}.Debug|x64.Build.0 = Debug|x64
		{F2F4980A-D4B8-4F7F-B22E-F21326DACFB9}.Debug|x86.ActiveCfg = Debug|Win32
		{F2F4980A-D4B8-4F7F-B22E-F21326DACFB9}.Debug|x86.Build.0 = Debug|Win32
		{F2F4980A-D4B8-4F7F-B22E-F21326DACFB9}.Release|x64.ActiveCfg = Release|x64
		{F2F4980A-D4B8-4F7F-B22E-F21326DACFB9}.Release|x64.Build.0 = Release|x64
		{F2F4980A-D4B8-4F7F-B22E-F21326DACFB9}.Release|x86.ActiveCfg = Release|Win32
		{F2F4980A-D4B8-4F7F-B22E-F21326DACFB9}.Release|x86.Build.0 = Release|Win32
		{7E4044B2-F67D-46B6-B24F-9157A4091826}.Debug|x64.ActiveCfg = Debug|x64
		{7E4044B2-F67D-46B6-B24F-9157A4091826}.Debug|x64.Build.0 = Debug|x64
		{7E4044B2-F67D-46B6-B24F-9157A4091826}.Debug|x86.ActiveCfg = Debug|Win32
		{7E4044B2-F67D-46B6-B24F-9157A4091826}.Debug|x86.Build.0 = Debug|Win32
		{7E4044B2-F67D-46B6-B24F-9157A4091826}.Release|x64.ActiveCfg = Release|x64
		{7E4044B2-F67D-46B6-B24F-9157A4091826}.Release|x64.Build.0 = Release|x64
		{7E4044B2-F67D-46B6-B24F-9157A4091826}.Release|x86.ActiveCfg = Release|Win32
		{7E4044B2-F67D-46B6-B24F-9157A4091826}.Release|x86.Build.0 = Release|Win32
		{69E8B38E-BA84-4DA1-83B3-FBEEED55124B}.Debug|x64.ActiveCfg = Debug|x64
		{69E8B38E-BA84-4DA1-83B3-FBEEED55124B}.Debug|x64.Build.0 = Debug|x64
		{69E8B38E-BA84-4DA1-83B3-FBEEED55124B}.Debug|x86.ActiveCfg = Debug|Win32
		{69E8B38E-BA84-4DA1-83B3-FBEEED55124B}.Debug|x86.Build.0 = Debug|Win32
		{69E8B38E-BA84-4DA1-83B3-FBEEED55124B}.Release|x64.ActiveCfg = Release|x64
		{69E8B38E-BA84-4DA1-83B3-FBEEED55124B}.Release|x64.Build.0 = Release|x64
		{69E8B38E-BA84-4DA1-83B3-FBEEED55124B}.Release|x86.ActiveCfg = Release|Win32
		{69E8B38E-BA84-4DA1-83B3-FBEEED55124B}.Release|x86.Build.0 = Release|Win32
	EndGlobalSection
	GlobalSection(SolutionProperties) = preSolution
		HideSolutionNode = FALSE
	EndGlobalSection
	GlobalSection(ExtensibilityGlobals) = postSolution
		SolutionGuid = {96C29BE9-C693-49D1-B222-F6D83D6C8CE1}
	EndGlobalSection
EndGlobal
