
Microsoft Visual Studio Solution File, Format Version 12.00
# Visual Studio 15
VisualStudioVersion = 15.0.26403.7
MinimumVisualStudioVersion = 10.0.40219.1
Project("{8BC9CEB8-8B4A-11D0-8D11-00A0C91BC942}") = "조별", "조별\조별.vcxproj", "{3BCC4573-C361-4176-A864-2F0F1CC271A2}"
EndProject
Project("{8BC9CEB8-8B4A-11D0-8D11-00A0C91BC942}") = "개별", "개별\Win32Project1.vcxproj", "{95199E2B-0AAC-47F7-AEE0-7B552F126AF0}"
EndProject
Global
	GlobalSection(SolutionConfigurationPlatforms) = preSolution
		Debug|Win32 = Debug|Win32
		Release|Win32 = Release|Win32
	EndGlobalSection
	GlobalSection(ProjectConfigurationPlatforms) = postSolution
		{3BCC4573-C361-4176-A864-2F0F1CC271A2}.Debug|Win32.ActiveCfg = Debug|Win32
		{3BCC4573-C361-4176-A864-2F0F1CC271A2}.Debug|Win32.Build.0 = Debug|Win32
		{3BCC4573-C361-4176-A864-2F0F1CC271A2}.Release|Win32.ActiveCfg = Release|Win32
		{3BCC4573-C361-4176-A864-2F0F1CC271A2}.Release|Win32.Build.0 = Release|Win32
		{95199E2B-0AAC-47F7-AEE0-7B552F126AF0}.Debug|Win32.ActiveCfg = Debug|Win32
		{95199E2B-0AAC-47F7-AEE0-7B552F126AF0}.Debug|Win32.Build.0 = Debug|Win32
		{95199E2B-0AAC-47F7-AEE0-7B552F126AF0}.Release|Win32.ActiveCfg = Release|Win32
		{95199E2B-0AAC-47F7-AEE0-7B552F126AF0}.Release|Win32.Build.0 = Release|Win32
	EndGlobalSection
	GlobalSection(SolutionProperties) = preSolution
		HideSolutionNode = FALSE
	EndGlobalSection
EndGlobal
